// !$*UTF8*$!
{
	archiveVersion = 1;
	classes = {
	};
	objectVersion = 46;
	objects = {

/* Begin PBXBuildFile section */
		A2CC03ED1A9E9F590006031F /* main.m in Sources */ = {isa = PBXBuildFile; fileRef = A2CC03EC1A9E9F590006031F /* main.m */; };
		A2CC03F01A9E9F590006031F /* AppDelegate.m in Sources */ = {isa = PBXBuildFile; fileRef = A2CC03EF1A9E9F590006031F /* AppDelegate.m */; };
		A2CC03F31A9E9F590006031F /* ViewController.m in Sources */ = {isa = PBXBuildFile; fileRef = A2CC03F21A9E9F590006031F /* ViewController.m */; };
		A2CC03F61A9E9F590006031F /* Main.storyboard in Resources */ = {isa = PBXBuildFile; fileRef = A2CC03F41A9E9F590006031F /* Main.storyboard */; };
		A2CC03F81A9E9F590006031F /* Images.xcassets in Resources */ = {isa = PBXBuildFile; fileRef = A2CC03F71A9E9F590006031F /* Images.xcassets */; };
		A2CC03FB1A9E9F590006031F /* LaunchScreen.xib in Resources */ = {isa = PBXBuildFile; fileRef = A2CC03F91A9E9F590006031F /* LaunchScreen.xib */; };
		A2CC04071A9E9F590006031F /* UidesignTests.m in Sources */ = {isa = PBXBuildFile; fileRef = A2CC04061A9E9F590006031F /* UidesignTests.m */; };
/* End PBXBuildFile section */

/* Begin PBXContainerItemProxy section */
		A2CC04011A9E9F590006031F /* PBXContainerItemProxy */ = {
			isa = PBXContainerItemProxy;
			containerPortal = A2CC03DF1A9E9F590006031F /* Project object */;
			proxyType = 1;
			remoteGlobalIDString = A2CC03E61A9E9F590006031F;
			remoteInfo = Uidesign;
		};
/* End PBXContainerItemProxy section */

/* Begin PBXFileReference section */
		A2CC03E71A9E9F590006031F /* Uidesign.app */ = {isa = PBXFileReference; explicitFileType = wrapper.application; includeInIndex = 0; path = Uidesign.app; sourceTree = BUILT_PRODUCTS_DIR; };
		A2CC03EB1A9E9F590006031F /* Info.plist */ = {isa = PBXFileReference; lastKnownFileType = text.plist.xml; path = Info.plist; sourceTree = "<group>"; };
		A2CC03EC1A9E9F590006031F /* main.m */ = {isa = PBXFileReference; lastKnownFileType = sourcecode.c.objc; path = main.m; sourceTree = "<group>"; };
		A2CC03EE1A9E9F590006031F /* AppDelegate.h */ = {isa = PBXFileReference; lastKnownFileType = sourcecode.c.h; path = AppDelegate.h; sourceTree = "<group>"; };
		A2CC03EF1A9E9F590006031F /* AppDelegate.m */ = {isa = PBXFileReference; lastKnownFileType = sourcecode.c.objc; path = AppDelegate.m; sourceTree = "<group>"; };
		A2CC03F11A9E9F590006031F /* ViewController.h */ = {isa = PBXFileReference; lastKnownFileType = sourcecode.c.h; path = ViewController.h; sourceTree = "<group>"; };
		A2CC03F21A9E9F590006031F /* ViewController.m */ = {isa = PBXFileReference; lastKnownFileType = sourcecode.c.objc; path = ViewController.m; sourceTree = "<group>"; };
		A2CC03F51A9E9F590006031F /* Base */ = {isa = PBXFileReference; lastKnownFileType = file.storyboard; name = Base; path = Base.lproj/Main.storyboard; sourceTree = "<group>"; };
		A2CC03F71A9E9F590006031F /* Images.xcassets */ = {isa = PBXFileReference; lastKnownFileType = folder.assetcatalog; path = Images.xcassets; sourceTree = "<group>"; };
		A2CC03FA1A9E9F590006031F /* Base */ = {isa = PBXFileReference; lastKnownFileType = file.xib; name = Base; path = Base.lproj/LaunchScreen.xib; sourceTree = "<group>"; };
		A2CC04001A9E9F590006031F /* UidesignTests.xctest */ = {isa = PBXFileReference; explicitFileType = wrapper.cfbundle; includeInIndex = 0; path = UidesignTests.xctest; sourceTree = BUILT_PRODUCTS_DIR; };
		A2CC04051A9E9F590006031F /* Info.plist */ = {isa = PBXFileReference; lastKnownFileType = text.plist.xml; path = Info.plist; sourceTree = "<group>"; };
		A2CC04061A9E9F590006031F /* UidesignTests.m */ = {isa = PBXFileReference; lastKnownFileType = sourcecode.c.objc; path = UidesignTests.m; sourceTree = "<group>"; };
/* End PBXFileReference section */

/* Begin PBXFrameworksBuildPhase section */
		A2CC03E41A9E9F590006031F /* Frameworks */ = {
			isa = PBXFrameworksBuildPhase;
			buildActionMask = 2147483647;
			files = (
			);
			runOnlyForDeploymentPostprocessing = 0;
		};
		A2CC03FD1A9E9F590006031F /* Frameworks */ = {
			isa = PBXFrameworksBuildPhase;
			buildActionMask = 2147483647;
			files = (
			);
			runOnlyForDeploymentPostprocessing = 0;
		};
/* End PBXFrameworksBuildPhase section */

/* Begin PBXGroup section */
		A2CC03DE1A9E9F590006031F = {
			isa = PBXGroup;
			children = (
				A2CC03E91A9E9F590006031F /* Uidesign */,
				A2CC04031A9E9F590006031F /* UidesignTests */,
				A2CC03E81A9E9F590006031F /* Products */,
			);
			sourceTree = "<group>";
		};
		A2CC03E81A9E9F590006031F /* Products */ = {
			isa = PBXGroup;
			children = (
				A2CC03E71A9E9F590006031F /* Uidesign.app */,
				A2CC04001A9E9F590006031F /* UidesignTests.xctest */,
			);
			name = Products;
			sourceTree = "<group>";
		};
		A2CC03E91A9E9F590006031F /* Uidesign */ = {
			isa = PBXGroup;
			children = (
				A2CC03EE1A9E9F590006031F /* AppDelegate.h */,
				A2CC03EF1A9E9F590006031F /* AppDelegate.m */,
				A2CC03F11A9E9F590006031F /* ViewController.h */,
				A2CC03F21A9E9F590006031F /* ViewController.m */,
				A2CC03F41A9E9F590006031F /* Main.storyboard */,
				A2CC03F71A9E9F590006031F /* Images.xcassets */,
				A2CC03F91A9E9F590006031F /* LaunchScreen.xib */,
				A2CC03EA1A9E9F590006031F /* Supporting Files */,
			);
			path = Uidesign;
			sourceTree = "<group>";
		};
		A2CC03EA1A9E9F590006031F /* Supporting Files */ = {
			isa = PBXGroup;
			children = (
				A2CC03EB1A9E9F590006031F /* Info.plist */,
				A2CC03EC1A9E9F590006031F /* main.m */,
			);
			name = "Supporting Files";
			sourceTree = "<group>";
		};
		A2CC04031A9E9F590006031F /* UidesignTests */ = {
			isa = PBXGroup;
			children = (
				A2CC04061A9E9F590006031F /* UidesignTests.m */,
				A2CC04041A9E9F590006031F /* Supporting Files */,
			);
			path = UidesignTests;
			sourceTree = "<group>";
		};
		A2CC04041A9E9F590006031F /* Supporting Files */ = {
			isa = PBXGroup;
			children = (
				A2CC04051A9E9F590006031F /* Info.plist */,
			);
			name = "Supporting Files";
			sourceTree = "<group>";
		};
/* End PBXGroup section */

/* Begin PBXNativeTarget section */
		A2CC03E61A9E9F590006031F /* Uidesign */ = {
			isa = PBXNativeTarget;
			buildConfigurationList = A2CC040A1A9E9F590006031F /* Build configuration list for PBXNativeTarget "Uidesign" */;
			buildPhases = (
				A2CC03E31A9E9F590006031F /* Sources */,
				A2CC03E41A9E9F590006031F /* Frameworks */,
				A2CC03E51A9E9F590006031F /* Resources */,
			);
			buildRules = (
			);
			dependencies = (
			);
			name = Uidesign;
			productName = Uidesign;
			productReference = A2CC03E71A9E9F590006031F /* Uidesign.app */;
			productType = "com.apple.product-type.application";
		};
		A2CC03FF1A9E9F590006031F /* UidesignTests */ = {
			isa = PBXNativeTarget;
			buildConfigurationList = A2CC040D1A9E9F590006031F /* Build configuration list for PBXNativeTarget "UidesignTests" */;
			buildPhases = (
				A2CC03FC1A9E9F590006031F /* Sources */,
				A2CC03FD1A9E9F590006031F /* Frameworks */,
				A2CC03FE1A9E9F590006031F /* Resources */,
			);
			buildRules = (
			);
			dependencies = (
				A2CC04021A9E9F590006031F /* PBXTargetDependency */,
			);
			name = UidesignTests;
			productName = UidesignTests;
			productReference = A2CC04001A9E9F590006031F /* UidesignTests.xctest */;
			productType = "com.apple.product-type.bundle.unit-test";
		};
/* End PBXNativeTarget section */

/* Begin PBXProject section */
		A2CC03DF1A9E9F590006031F /* Project object */ = {
			isa = PBXProject;
			attributes = {
				LastUpgradeCheck = 0610;
				ORGANIZATIONNAME = "Shu Zhang";
				TargetAttributes = {
					A2CC03E61A9E9F590006031F = {
						CreatedOnToolsVersion = 6.1.1;
					};
					A2CC03FF1A9E9F590006031F = {
						CreatedOnToolsVersion = 6.1.1;
						TestTargetID = A2CC03E61A9E9F590006031F;
					};
				};
			};
			buildConfigurationList = A2CC03E21A9E9F590006031F /* Build configuration list for PBXProject "Uidesign" */;
			compatibilityVersion = "Xcode 3.2";
			developmentRegion = English;
			hasScannedForEncodings = 0;
			knownRegions = (
				en,
				Base,
			);
			mainGroup = A2CC03DE1A9E9F590006031F;
			productRefGroup = A2CC03E81A9E9F590006031F /* Products */;
			projectDirPath = "";
			projectRoot = "";
			targets = (
				A2CC03E61A9E9F590006031F /* Uidesign */,
				A2CC03FF1A9E9F590006031F /* UidesignTests */,
			);
		};
/* End PBXProject section */

/* Begin PBXResourcesBuildPhase section */
		A2CC03E51A9E9F590006031F /* Resources */ = {
			isa = PBXResourcesBuildPhase;
			buildActionMask = 2147483647;
			files = (
				A2CC03F61A9E9F590006031F /* Main.storyboard in Resources */,
				A2CC03FB1A9E9F590006031F /* LaunchScreen.xib in Resources */,
				A2CC03F81A9E9F590006031F /* Images.xcassets in Resources */,
			);
			runOnlyForDeploymentPostprocessing = 0;
		};
		A2CC03FE1A9E9F590006031F /* Resources */ = {
			isa = PBXResourcesBuildPhase;
			buildActionMask = 2147483647;
			files = (
			);
			runOnlyForDeploymentPostprocessing = 0;
		};
/* End PBXResourcesBuildPhase section */

/* Begin PBXSourcesBuildPhase section */
		A2CC03E31A9E9F590006031F /* Sources */ = {
			isa = PBXSourcesBuildPhase;
			buildActionMask = 2147483647;
			files = (
				A2CC03F31A9E9F590006031F /* ViewController.m in Sources */,
				A2CC03F01A9E9F590006031F /* AppDelegate.m in Sources */,
				A2CC03ED1A9E9F590006031F /* main.m in Sources */,
			);
			runOnlyForDeploymentPostprocessing = 0;
		};
		A2CC03FC1A9E9F590006031F /* Sources */ = {
			isa = PBXSourcesBuildPhase;
			buildActionMask = 2147483647;
			files = (
				A2CC04071A9E9F590006031F /* UidesignTests.m in Sources */,
			);
			runOnlyForDeploymentPostprocessing = 0;
		};
/* End PBXSourcesBuildPhase section */

/* Begin PBXTargetDependency section */
		A2CC04021A9E9F590006031F /* PBXTargetDependency */ = {
			isa = PBXTargetDependency;
			target = A2CC03E61A9E9F590006031F /* Uidesign */;
			targetProxy = A2CC04011A9E9F590006031F /* PBXContainerItemProxy */;
		};
/* End PBXTargetDependency section */

/* Begin PBXVariantGroup section */
		A2CC03F41A9E9F590006031F /* Main.storyboard */ = {
			isa = PBXVariantGroup;
			children = (
				A2CC03F51A9E9F590006031F /* Base */,
			);
			name = Main.storyboard;
			sourceTree = "<group>";
		};
		A2CC03F91A9E9F590006031F /* LaunchScreen.xib */ = {
			isa = PBXVariantGroup;
			children = (
				A2CC03FA1A9E9F590006031F /* Base */,
			);
			name = LaunchScreen.xib;
			sourceTree = "<group>";
		};
/* End PBXVariantGroup section */

/* Begin XCBuildConfiguration section */
		A2CC04081A9E9F590006031F /* Debug */ = {
			isa = XCBuildConfiguration;
			buildSettings = {
				ALWAYS_SEARCH_USER_PATHS = NO;
				CLANG_CXX_LANGUAGE_STANDARD = "gnu++0x";
				CLANG_CXX_LIBRARY = "libc++";
				CLANG_ENABLE_MODULES = YES;
				CLANG_ENABLE_OBJC_ARC = YES;
				CLANG_WARN_BOOL_CONVERSION = YES;
				CLANG_WARN_CONSTANT_CONVERSION = YES;
				CLANG_WARN_DIRECT_OBJC_ISA_USAGE = YES_ERROR;
				CLANG_WARN_EMPTY_BODY = YES;
				CLANG_WARN_ENUM_CONVERSION = YES;
				CLANG_WARN_INT_CONVERSION = YES;
				CLANG_WARN_OBJC_ROOT_CLASS = YES_ERROR;
				CLANG_WARN_UNREACHABLE_CODE = YES;
				CLANG_WARN__DUPLICATE_METHOD_MATCH = YES;
				"CODE_SIGN_IDENTITY[sdk=iphoneos*]" = "iPhone Developer";
				COPY_PHASE_STRIP = NO;
				ENABLE_STRICT_OBJC_MSGSEND = YES;
				GCC_C_LANGUAGE_STANDARD = gnu99;
				GCC_DYNAMIC_NO_PIC = NO;
				GCC_OPTIMIZATION_LEVEL = 0;
				GCC_PREPROCESSOR_DEFINITIONS = (
					"DEBUG=1",
					"$(inherited)",
				);
				GCC_SYMBOLS_PRIVATE_EXTERN = NO;
				GCC_WARN_64_TO_32_BIT_CONVERSION = YES;
				GCC_WARN_ABOUT_RETURN_TYPE = YES_ERROR;
				GCC_WARN_UNDECLARED_SELECTOR = YES;
				GCC_WARN_UNINITIALIZED_AUTOS = YES_AGGRESSIVE;
				GCC_WARN_UNUSED_FUNCTION = YES;
				GCC_WARN_UNUSED_VARIABLE = YES;
				IPHONEOS_DEPLOYMENT_TARGET = 8.1;
				MTL_ENABLE_DEBUG_INFO = YES;
				ONLY_ACTIVE_ARCH = YES;
				SDKROOT = iphoneos;
				TARGETED_DEVICE_FAMILY = "1,2";
			};
			name = Debug;
		};
		A2CC04091A9E9F590006031F /* Release */ = {
			isa = XCBuildConfiguration;
			buildSettings = {
				ALWAYS_SEARCH_USER_PATHS = NO;
				CLANG_CXX_LANGUAGE_STANDARD = "gnu++0x";
				CLANG_CXX_LIBRARY = "libc++";
				CLANG_ENABLE_MODULES = YES;
				CLANG_ENABLE_OBJC_ARC = YES;
				CLANG_WARN_BOOL_CONVERSION = YES;
				CLANG_WARN_CONSTANT_CONVERSION = YES;
				CLANG_WARN_DIRECT_OBJC_ISA_USAGE = YES_ERROR;
				CLANG_WARN_EMPTY_BODY = YES;
				CLANG_WARN_ENUM_CONVERSION = YES;
				CLANG_WARN_INT_CONVERSION = YES;
				CLANG_WARN_OBJC_ROOT_CLASS = YES_ERROR;
				CLANG_WARN_UNREACHABLE_CODE = YES;
				CLANG_WARN__DUPLICATE_METHOD_MATCH = YES;
				"CODE_SIGN_IDENTITY[sdk=iphoneos*]" = "iPhone Developer";
				COPY_PHASE_STRIP = YES;
				ENABLE_NS_ASSERTIONS = NO;
				ENABLE_STRICT_OBJC_MSGSEND = YES;
				GCC_C_LANGUAGE_STANDARD = gnu99;
				GCC_WARN_64_TO_32_BIT_CONVERSION = YES;
				GCC_WARN_ABOUT_RETURN_TYPE = YES_ERROR;
				GCC_WARN_UNDECLARED_SELECTOR = YES;
				GCC_WARN_UNINITIALIZED_AUTOS = YES_AGGRESSIVE;
				GCC_WARN_UNUSED_FUNCTION = YES;
				GCC_WARN_UNUSED_VARIABLE = YES;
				IPHONEOS_DEPLOYMENT_TARGET = 8.1;
				MTL_ENABLE_DEBUG_INFO = NO;
				SDKROOT = iphoneos;
				TARGETED_DEVICE_FAMILY = "1,2";
				VALIDATE_PRODUCT = YES;
			};
			name = Release;
		};
		A2CC040B1A9E9F590006031F /* Debug */ = {
			isa = XCBuildConfiguration;
			buildSettings = {
				ASSETCATALOG_COMPILER_APPICON_NAME = AppIcon;
				INFOPLIST_FILE = Uidesign/Info.plist;
				LD_RUNPATH_SEARCH_PATHS = "$(inherited) @executable_path/Frameworks";
				PRODUCT_NAME = "$(TARGET_NAME)";
			};
			name = Debug;
		};
		A2CC040C1A9E9F590006031F /* Release */ = {
			isa = XCBuildConfiguration;
			buildSettings = {
				ASSETCATALOG_COMPILER_APPICON_NAME = AppIcon;
				INFOPLIST_FILE = Uidesign/Info.plist;
				LD_RUNPATH_SEARCH_PATHS = "$(inherited) @executable_path/Frameworks";
				PRODUCT_NAME = "$(TARGET_NAME)";
			};
			name = Release;
		};
		A2CC040E1A9E9F590006031F /* Debug */ = {
			isa = XCBuildConfiguration;
			buildSettings = {
				BUNDLE_LOADER = "$(TEST_HOST)";
				FRAMEWORK_SEARCH_PATHS = (
					"$(SDKROOT)/Developer/Library/Frameworks",
					"$(inherited)",
				);
				GCC_PREPROCESSOR_DEFINITIONS = (
					"DEBUG=1",
					"$(inherited)",
				);
				INFOPLIST_FILE = UidesignTests/Info.plist;
				LD_RUNPATH_SEARCH_PATHS = "$(inherited) @executable_path/Frameworks @loader_path/Frameworks";
				PRODUCT_NAME = "$(TARGET_NAME)";
				TEST_HOST = "$(BUILT_PRODUCTS_DIR)/Uidesign.app/Uidesign";
			};
			name = Debug;
		};
		A2CC040F1A9E9F590006031F /* Release */ = {
			isa = XCBuildConfiguration;
			buildSettings = {
				BUNDLE_LOADER = "$(TEST_HOST)";
				FRAMEWORK_SEARCH_PATHS = (
					"$(SDKROOT)/Developer/Library/Frameworks",
					"$(inherited)",
				);
				INFOPLIST_FILE = UidesignTests/Info.plist;
				LD_RUNPATH_SEARCH_PATHS = "$(inherited) @executable_path/Frameworks @loader_path/Frameworks";
				PRODUCT_NAME = "$(TARGET_NAME)";
				TEST_HOST = "$(BUILT_PRODUCTS_DIR)/Uidesign.app/Uidesign";
			};
			name = Release;
		};
/* End XCBuildConfiguration section */

/* Begin XCConfigurationList section */
		A2CC03E21A9E9F590006031F /* Build configuration list for PBXProject "Uidesign" */ = {
			isa = XCConfigurationList;
			buildConfigurations = (
				A2CC04081A9E9F590006031F /* Debug */,
				A2CC04091A9E9F590006031F /* Release */,
			);
			defaultConfigurationIsVisible = 0;
			defaultConfigurationName = Release;
		};
		A2CC040A1A9E9F590006031F /* Build configuration list for PBXNativeTarget "Uidesign" */ = {
			isa = XCConfigurationList;
			buildConfigurations = (
				A2CC040B1A9E9F590006031F /* Debug */,
				A2CC040C1A9E9F590006031F /* Release */,
			);
			defaultConfigurationIsVisible = 0;
		};
		A2CC040D1A9E9F590006031F /* Build configuration list for PBXNativeTarget "UidesignTests" */ = {
			isa = XCConfigurationList;
			buildConfigurations = (
				A2CC040E1A9E9F590006031F /* Debug */,
				A2CC040F1A9E9F590006031F /* Release */,
			);
			defaultConfigurationIsVisible = 0;
		};
/* End XCConfigurationList section */
	};
	rootObject = A2CC03DF1A9E9F590006031F /* Project object */;
}
